
Microsoft Visual Studio Solution File, Format Version 12.00
# Visual Studio Version 17
VisualStudioVersion = 17.13.35806.99 d17.13
MinimumVisualStudioVersion = 10.0.40219.1
Project("{FAE04EC0-301F-11D3-BF4B-00C04F79EFBC}") = "FourSPM_WebService", "FourSPM_WebService.csproj", "{12A3B8BD-F92C-4549-9850-538F3073FD28}"
EndProject
Global
	GlobalSection(SolutionConfigurationPlatforms) = preSolution
		Debug|Any CPU = Debug|Any CPU
		Release|Any CPU = Release|Any CPU
	EndGlobalSection
	GlobalSection(ProjectConfigurationPlatforms) = postSolution
		{12A3B8BD-F92C-4549-9850-538F3073FD28}.Debug|Any CPU.ActiveCfg = Debug|Any CPU
		{12A3B8BD-F92C-4549-9850-538F3073FD28}.Debug|Any CPU.Build.0 = Debug|Any CPU
		{12A3B8BD-F92C-4549-9850-538F3073FD28}.Release|Any CPU.ActiveCfg = Release|Any CPU
		{12A3B8BD-F92C-4549-9850-538F3073FD28}.Release|Any CPU.Build.0 = Release|Any CPU
	EndGlobalSection
	GlobalSection(SolutionProperties) = preSolution
		HideSolutionNode = FALSE
	EndGlobalSection
	GlobalSection(ExtensibilityGlobals) = postSolution
		SolutionGuid = {BA2F70B4-D768-4EB1-A383-C03C4B52C01E}
	EndGlobalSection
EndGlobal
